PODS:
  - Charts (3.0.1):
    - Charts/Core (= 3.0.1)
  - Charts/Core (3.0.1)
  - OpenCV (3.1.0.1)

DEPENDENCIES:
  - Charts (~> 3.0.1)
  - OpenCV

SPEC CHECKSUMS:
  Charts: 0e84f4418e87dad6a9edde221fba37ebb51d3ba7
  OpenCV: 41c4250e2b06a394d6fbb634b5fa622cdd846018

PODFILE CHECKSUM: 063165b4f76c79dcc1a5fd08bac3a44c3f0107ab

COCOAPODS: 1.2.0
