
Microsoft Visual Studio Solution File, Format Version 12.00
# Visual Studio 14
VisualStudioVersion = 14.0.25420.1
MinimumVisualStudioVersion = 10.0.40219.1
Project("{FAE04EC0-301F-11D3-BF4B-00C04F79EFBC}") = "HoteiApi", "HoteiApi\HoteiApi.csproj", "{C4474577-3A76-4E27-8D00-41FB6F4AE94C}"
EndProject
Project("{FAE04EC0-301F-11D3-BF4B-00C04F79EFBC}") = "HoteiClientExample", "HoteiClientExample\HoteiClientExample.csproj", "{F51DECCE-F721-4964-AC2B-E526572FAA82}"
EndProject
Global
	GlobalSection(SolutionConfigurationPlatforms) = preSolution
		Debug|Any CPU = Debug|Any CPU
		Release|Any CPU = Release|Any CPU
	EndGlobalSection
	GlobalSection(ProjectConfigurationPlatforms) = postSolution
		{C4474577-3A76-4E27-8D00-41FB6F4AE94C}.Debug|Any CPU.ActiveCfg = Debug|Any CPU
		{C4474577-3A76-4E27-8D00-41FB6F4AE94C}.Debug|Any CPU.Build.0 = Debug|Any CPU
		{C4474577-3A76-4E27-8D00-41FB6F4AE94C}.Release|Any CPU.ActiveCfg = Release|Any CPU
		{C4474577-3A76-4E27-8D00-41FB6F4AE94C}.Release|Any CPU.Build.0 = Release|Any CPU
		{F51DECCE-F721-4964-AC2B-E526572FAA82}.Debug|Any CPU.ActiveCfg = Debug|Any CPU
		{F51DECCE-F721-4964-AC2B-E526572FAA82}.Debug|Any CPU.Build.0 = Debug|Any CPU
		{F51DECCE-F721-4964-AC2B-E526572FAA82}.Release|Any CPU.ActiveCfg = Release|Any CPU
		{F51DECCE-F721-4964-AC2B-E526572FAA82}.Release|Any CPU.Build.0 = Release|Any CPU
	EndGlobalSection
	GlobalSection(SolutionProperties) = preSolution
		HideSolutionNode = FALSE
	EndGlobalSection
EndGlobal
