// !$*UTF8*$!
{
	archiveVersion = 1;
	classes = {
	};
	objectVersion = 46;
	objects = {

/* Begin PBXBuildFile section */
		6F43044B1E72E0DD00424B35 /* HealthKit.framework in Frameworks */ = {isa = PBXBuildFile; fileRef = 6F43044A1E72E0DD00424B35 /* HealthKit.framework */; };
		6FEBD2711E740D0D00C9D5DA /* WatchSessionManager.swift in Sources */ = {isa = PBXBuildFile; fileRef = 6FEBD2701E740D0D00C9D5DA /* WatchSessionManager.swift */; };
		6FEBD2841E74862000C9D5DA /* History+CoreDataProperties.swift in Sources */ = {isa = PBXBuildFile; fileRef = 6FEBD2821E74862000C9D5DA /* History+CoreDataProperties.swift */; };
		6FEBD2851E74862000C9D5DA /* Activities+CoreDataProperties.swift in Sources */ = {isa = PBXBuildFile; fileRef = 6FEBD2831E74862000C9D5DA /* Activities+CoreDataProperties.swift */; };
		D824E3671E646E8100727B05 /* CustomCell.swift in Sources */ = {isa = PBXBuildFile; fileRef = D824E3661E646E8100727B05 /* CustomCell.swift */; };
		D82A31821E6ED333006FE6F6 /* ProfileViewController.swift in Sources */ = {isa = PBXBuildFile; fileRef = D82A31811E6ED333006FE6F6 /* ProfileViewController.swift */; };
		D82A31841E6EFDC1006FE6F6 /* HeartMonitorViewController.swift in Sources */ = {isa = PBXBuildFile; fileRef = D82A31831E6EFDC1006FE6F6 /* HeartMonitorViewController.swift */; };
		D82A31871E6EFE9D006FE6F6 /* CoreBluetooth.framework in Frameworks */ = {isa = PBXBuildFile; fileRef = D82A31861E6EFE9D006FE6F6 /* CoreBluetooth.framework */; };
		D8A475341E421F54006CAFEA /* AppDelegate.swift in Sources */ = {isa = PBXBuildFile; fileRef = D8A475331E421F54006CAFEA /* AppDelegate.swift */; };
		D8A475361E421F54006CAFEA /* FirstViewController.swift in Sources */ = {isa = PBXBuildFile; fileRef = D8A475351E421F54006CAFEA /* FirstViewController.swift */; };
		D8A475381E421F54006CAFEA /* SecondViewController.swift in Sources */ = {isa = PBXBuildFile; fileRef = D8A475371E421F54006CAFEA /* SecondViewController.swift */; };
		D8A4753B1E421F54006CAFEA /* Main.storyboard in Resources */ = {isa = PBXBuildFile; fileRef = D8A475391E421F54006CAFEA /* Main.storyboard */; };
		D8A4753D1E421F54006CAFEA /* Assets.xcassets in Resources */ = {isa = PBXBuildFile; fileRef = D8A4753C1E421F54006CAFEA /* Assets.xcassets */; };
		D8A475401E421F54006CAFEA /* LaunchScreen.storyboard in Resources */ = {isa = PBXBuildFile; fileRef = D8A4753E1E421F54006CAFEA /* LaunchScreen.storyboard */; };
		D8B715021E6E024B00FD93B2 /* LoginViewController.swift in Sources */ = {isa = PBXBuildFile; fileRef = D8B715011E6E024B00FD93B2 /* LoginViewController.swift */; };
		D8E00E371E658CF8003D2E4C /* hotei.xcdatamodeld in Sources */ = {isa = PBXBuildFile; fileRef = D8E00E351E658CF8003D2E4C /* hotei.xcdatamodeld */; };
		D8EDBFA21E65EA1000CE05F9 /* Interface.storyboard in Resources */ = {isa = PBXBuildFile; fileRef = D8EDBFA01E65EA1000CE05F9 /* Interface.storyboard */; };
		D8EDBFA41E65EA1000CE05F9 /* Assets.xcassets in Resources */ = {isa = PBXBuildFile; fileRef = D8EDBFA31E65EA1000CE05F9 /* Assets.xcassets */; };
		D8EDBFAB1E65EA1100CE05F9 /* HoteiW Extension.appex in Embed App Extensions */ = {isa = PBXBuildFile; fileRef = D8EDBFAA1E65EA1100CE05F9 /* HoteiW Extension.appex */; settings = {ATTRIBUTES = (RemoveHeadersOnCopy, ); }; };
		D8EDBFB21E65EA1100CE05F9 /* InterfaceController.swift in Sources */ = {isa = PBXBuildFile; fileRef = D8EDBFB11E65EA1100CE05F9 /* InterfaceController.swift */; };
		D8EDBFB41E65EA1100CE05F9 /* ExtensionDelegate.swift in Sources */ = {isa = PBXBuildFile; fileRef = D8EDBFB31E65EA1100CE05F9 /* ExtensionDelegate.swift */; };
		D8EDBFB61E65EA1100CE05F9 /* NotificationController.swift in Sources */ = {isa = PBXBuildFile; fileRef = D8EDBFB51E65EA1100CE05F9 /* NotificationController.swift */; };
		D8EDBFB81E65EA1100CE05F9 /* ComplicationController.swift in Sources */ = {isa = PBXBuildFile; fileRef = D8EDBFB71E65EA1100CE05F9 /* ComplicationController.swift */; };
		D8EDBFBA1E65EA1100CE05F9 /* Assets.xcassets in Resources */ = {isa = PBXBuildFile; fileRef = D8EDBFB91E65EA1100CE05F9 /* Assets.xcassets */; };
		D8EDBFBE1E65EA1100CE05F9 /* HoteiW.app in Embed Watch Content */ = {isa = PBXBuildFile; fileRef = D8EDBF9E1E65EA1000CE05F9 /* HoteiW.app */; };
		D8FEB8981E67173600E19F8E /* Activities+CoreDataClass.swift in Sources */ = {isa = PBXBuildFile; fileRef = D8FEB8941E67173600E19F8E /* Activities+CoreDataClass.swift */; };
		D8FEB89A1E67173600E19F8E /* History+CoreDataClass.swift in Sources */ = {isa = PBXBuildFile; fileRef = D8FEB8961E67173600E19F8E /* History+CoreDataClass.swift */; };
/* End PBXBuildFile section */

/* Begin PBXContainerItemProxy section */
		D8EDBFAC1E65EA1100CE05F9 /* PBXContainerItemProxy */ = {
			isa = PBXContainerItemProxy;
			containerPortal = D8A475281E421F54006CAFEA /* Project object */;
			proxyType = 1;
			remoteGlobalIDString = D8EDBFA91E65EA1100CE05F9;
			remoteInfo = "HoteiW Extension";
		};
		D8EDBFBC1E65EA1100CE05F9 /* PBXContainerItemProxy */ = {
			isa = PBXContainerItemProxy;
			containerPortal = D8A475281E421F54006CAFEA /* Project object */;
			proxyType = 1;
			remoteGlobalIDString = D8EDBF9D1E65EA1000CE05F9;
			remoteInfo = HoteiW;
		};
/* End PBXContainerItemProxy section */

/* Begin PBXCopyFilesBuildPhase section */
		D8EDBFC41E65EA1100CE05F9 /* Embed App Extensions */ = {
			isa = PBXCopyFilesBuildPhase;
			buildActionMask = 2147483647;
			dstPath = "";
			dstSubfolderSpec = 13;
			files = (
				D8EDBFAB1E65EA1100CE05F9 /* HoteiW Extension.appex in Embed App Extensions */,
			);
			name = "Embed App Extensions";
			runOnlyForDeploymentPostprocessing = 0;
		};
		D8EDBFC61E65EA1100CE05F9 /* Embed Watch Content */ = {
			isa = PBXCopyFilesBuildPhase;
			buildActionMask = 2147483647;
			dstPath = "$(CONTENTS_FOLDER_PATH)/Watch";
			dstSubfolderSpec = 16;
			files = (
				D8EDBFBE1E65EA1100CE05F9 /* HoteiW.app in Embed Watch Content */,
			);
			name = "Embed Watch Content";
			runOnlyForDeploymentPostprocessing = 0;
		};
/* End PBXCopyFilesBuildPhase section */

/* Begin PBXFileReference section */
		6F40F9D41E72C8EF00FB14C6 /* HoteiW Extension.entitlements */ = {isa = PBXFileReference; lastKnownFileType = text.plist.entitlements; path = "HoteiW Extension.entitlements"; sourceTree = "<group>"; };
		6F40F9D71E72C93800FB14C6 /* Hotei.entitlements */ = {isa = PBXFileReference; lastKnownFileType = text.plist.entitlements; path = Hotei.entitlements; sourceTree = "<group>"; };
		6F43044A1E72E0DD00424B35 /* HealthKit.framework */ = {isa = PBXFileReference; lastKnownFileType = wrapper.framework; name = HealthKit.framework; path = Platforms/WatchOS.platform/Developer/SDKs/WatchOS3.1.sdk/System/Library/Frameworks/HealthKit.framework; sourceTree = DEVELOPER_DIR; };
		6FEBD2701E740D0D00C9D5DA /* WatchSessionManager.swift */ = {isa = PBXFileReference; fileEncoding = 4; lastKnownFileType = sourcecode.swift; path = WatchSessionManager.swift; sourceTree = "<group>"; };
		6FEBD2821E74862000C9D5DA /* History+CoreDataProperties.swift */ = {isa = PBXFileReference; fileEncoding = 4; lastKnownFileType = sourcecode.swift; path = "History+CoreDataProperties.swift"; sourceTree = "<group>"; };
		6FEBD2831E74862000C9D5DA /* Activities+CoreDataProperties.swift */ = {isa = PBXFileReference; fileEncoding = 4; lastKnownFileType = sourcecode.swift; path = "Activities+CoreDataProperties.swift"; sourceTree = "<group>"; };
		D824E3661E646E8100727B05 /* CustomCell.swift */ = {isa = PBXFileReference; fileEncoding = 4; lastKnownFileType = sourcecode.swift; path = CustomCell.swift; sourceTree = "<group>"; };
		D82A31811E6ED333006FE6F6 /* ProfileViewController.swift */ = {isa = PBXFileReference; fileEncoding = 4; lastKnownFileType = sourcecode.swift; path = ProfileViewController.swift; sourceTree = "<group>"; };
		D82A31831E6EFDC1006FE6F6 /* HeartMonitorViewController.swift */ = {isa = PBXFileReference; fileEncoding = 4; lastKnownFileType = sourcecode.swift; path = HeartMonitorViewController.swift; sourceTree = "<group>"; };
		D82A31861E6EFE9D006FE6F6 /* CoreBluetooth.framework */ = {isa = PBXFileReference; lastKnownFileType = wrapper.framework; name = CoreBluetooth.framework; path = System/Library/Frameworks/CoreBluetooth.framework; sourceTree = SDKROOT; };
		D8A475301E421F54006CAFEA /* Hotei.app */ = {isa = PBXFileReference; explicitFileType = wrapper.application; includeInIndex = 0; path = Hotei.app; sourceTree = BUILT_PRODUCTS_DIR; };
		D8A475331E421F54006CAFEA /* AppDelegate.swift */ = {isa = PBXFileReference; lastKnownFileType = sourcecode.swift; path = AppDelegate.swift; sourceTree = "<group>"; };
		D8A475351E421F54006CAFEA /* FirstViewController.swift */ = {isa = PBXFileReference; lastKnownFileType = sourcecode.swift; path = FirstViewController.swift; sourceTree = "<group>"; usesTabs = 1; };
		D8A475371E421F54006CAFEA /* SecondViewController.swift */ = {isa = PBXFileReference; lastKnownFileType = sourcecode.swift; path = SecondViewController.swift; sourceTree = "<group>"; };
		D8A4753A1E421F54006CAFEA /* Base */ = {isa = PBXFileReference; lastKnownFileType = file.storyboard; name = Base; path = Base.lproj/Main.storyboard; sourceTree = "<group>"; };
		D8A4753C1E421F54006CAFEA /* Assets.xcassets */ = {isa = PBXFileReference; lastKnownFileType = folder.assetcatalog; path = Assets.xcassets; sourceTree = "<group>"; };
		D8A4753F1E421F54006CAFEA /* Base */ = {isa = PBXFileReference; lastKnownFileType = file.storyboard; name = Base; path = Base.lproj/LaunchScreen.storyboard; sourceTree = "<group>"; };
		D8A475411E421F54006CAFEA /* Info.plist */ = {isa = PBXFileReference; lastKnownFileType = text.plist.xml; path = Info.plist; sourceTree = "<group>"; };
		D8B715011E6E024B00FD93B2 /* LoginViewController.swift */ = {isa = PBXFileReference; fileEncoding = 4; lastKnownFileType = sourcecode.swift; path = LoginViewController.swift; sourceTree = "<group>"; };
		D8E00E361E658CF8003D2E4C /* hotei.xcdatamodel */ = {isa = PBXFileReference; lastKnownFileType = wrapper.xcdatamodel; path = hotei.xcdatamodel; sourceTree = "<group>"; };
		D8EDBF9E1E65EA1000CE05F9 /* HoteiW.app */ = {isa = PBXFileReference; explicitFileType = wrapper.application; includeInIndex = 0; path = HoteiW.app; sourceTree = BUILT_PRODUCTS_DIR; };
		D8EDBFA11E65EA1000CE05F9 /* Base */ = {isa = PBXFileReference; lastKnownFileType = file.storyboard; name = Base; path = Base.lproj/Interface.storyboard; sourceTree = "<group>"; };
		D8EDBFA31E65EA1000CE05F9 /* Assets.xcassets */ = {isa = PBXFileReference; lastKnownFileType = folder.assetcatalog; path = Assets.xcassets; sourceTree = "<group>"; };
		D8EDBFA51E65EA1000CE05F9 /* Info.plist */ = {isa = PBXFileReference; lastKnownFileType = text.plist.xml; path = Info.plist; sourceTree = "<group>"; };
		D8EDBFAA1E65EA1100CE05F9 /* HoteiW Extension.appex */ = {isa = PBXFileReference; explicitFileType = "wrapper.app-extension"; includeInIndex = 0; path = "HoteiW Extension.appex"; sourceTree = BUILT_PRODUCTS_DIR; };
		D8EDBFB01E65EA1100CE05F9 /* PushNotificationPayload.apns */ = {isa = PBXFileReference; lastKnownFileType = text; path = PushNotificationPayload.apns; sourceTree = "<group>"; };
		D8EDBFB11E65EA1100CE05F9 /* InterfaceController.swift */ = {isa = PBXFileReference; lastKnownFileType = sourcecode.swift; path = InterfaceController.swift; sourceTree = "<group>"; };
		D8EDBFB31E65EA1100CE05F9 /* ExtensionDelegate.swift */ = {isa = PBXFileReference; lastKnownFileType = sourcecode.swift; path = ExtensionDelegate.swift; sourceTree = "<group>"; };
		D8EDBFB51E65EA1100CE05F9 /* NotificationController.swift */ = {isa = PBXFileReference; lastKnownFileType = sourcecode.swift; path = NotificationController.swift; sourceTree = "<group>"; };
		D8EDBFB71E65EA1100CE05F9 /* ComplicationController.swift */ = {isa = PBXFileReference; lastKnownFileType = sourcecode.swift; path = ComplicationController.swift; sourceTree = "<group>"; };
		D8EDBFB91E65EA1100CE05F9 /* Assets.xcassets */ = {isa = PBXFileReference; lastKnownFileType = folder.assetcatalog; path = Assets.xcassets; sourceTree = "<group>"; };
		D8EDBFBB1E65EA1100CE05F9 /* Info.plist */ = {isa = PBXFileReference; lastKnownFileType = text.plist.xml; path = Info.plist; sourceTree = "<group>"; };
		D8FEB8941E67173600E19F8E /* Activities+CoreDataClass.swift */ = {isa = PBXFileReference; fileEncoding = 4; lastKnownFileType = sourcecode.swift; path = "Activities+CoreDataClass.swift"; sourceTree = "<group>"; };
		D8FEB8961E67173600E19F8E /* History+CoreDataClass.swift */ = {isa = PBXFileReference; fileEncoding = 4; lastKnownFileType = sourcecode.swift; path = "History+CoreDataClass.swift"; sourceTree = "<group>"; };
/* End PBXFileReference section */

/* Begin PBXFrameworksBuildPhase section */
		D8A4752D1E421F54006CAFEA /* Frameworks */ = {
			isa = PBXFrameworksBuildPhase;
			buildActionMask = 2147483647;
			files = (
				D82A31871E6EFE9D006FE6F6 /* CoreBluetooth.framework in Frameworks */,
			);
			runOnlyForDeploymentPostprocessing = 0;
		};
		D8EDBFA71E65EA1100CE05F9 /* Frameworks */ = {
			isa = PBXFrameworksBuildPhase;
			buildActionMask = 2147483647;
			files = (
				6F43044B1E72E0DD00424B35 /* HealthKit.framework in Frameworks */,
			);
			runOnlyForDeploymentPostprocessing = 0;
		};
/* End PBXFrameworksBuildPhase section */

/* Begin PBXGroup section */
		D82A31851E6EFE9C006FE6F6 /* Frameworks */ = {
			isa = PBXGroup;
			children = (
				6F43044A1E72E0DD00424B35 /* HealthKit.framework */,
				D82A31861E6EFE9D006FE6F6 /* CoreBluetooth.framework */,
			);
			name = Frameworks;
			sourceTree = "<group>";
		};
		D8A475271E421F54006CAFEA = {
			isa = PBXGroup;
			children = (
				D8A475321E421F54006CAFEA /* Hotei */,
				D8EDBF9F1E65EA1000CE05F9 /* HoteiW */,
				D8EDBFAE1E65EA1100CE05F9 /* HoteiW Extension */,
				D8A475311E421F54006CAFEA /* Products */,
				D82A31851E6EFE9C006FE6F6 /* Frameworks */,
			);
			sourceTree = "<group>";
		};
		D8A475311E421F54006CAFEA /* Products */ = {
			isa = PBXGroup;
			children = (
				D8A475301E421F54006CAFEA /* Hotei.app */,
				D8EDBF9E1E65EA1000CE05F9 /* HoteiW.app */,
				D8EDBFAA1E65EA1100CE05F9 /* HoteiW Extension.appex */,
			);
			name = Products;
			sourceTree = "<group>";
		};
		D8A475321E421F54006CAFEA /* Hotei */ = {
			isa = PBXGroup;
			children = (
				6F40F9D71E72C93800FB14C6 /* Hotei.entitlements */,
				D8A475331E421F54006CAFEA /* AppDelegate.swift */,
				D8B715011E6E024B00FD93B2 /* LoginViewController.swift */,
				D8A475351E421F54006CAFEA /* FirstViewController.swift */,
				D8A475371E421F54006CAFEA /* SecondViewController.swift */,
				D824E3661E646E8100727B05 /* CustomCell.swift */,
				D82A31811E6ED333006FE6F6 /* ProfileViewController.swift */,
				D82A31831E6EFDC1006FE6F6 /* HeartMonitorViewController.swift */,
				D8A475391E421F54006CAFEA /* Main.storyboard */,
				6FEBD2701E740D0D00C9D5DA /* WatchSessionManager.swift */,
				D8FEB89C1E67174000E19F8E /* CoreData */,
				D8A4753C1E421F54006CAFEA /* Assets.xcassets */,
				D8A4753E1E421F54006CAFEA /* LaunchScreen.storyboard */,
				D8A475411E421F54006CAFEA /* Info.plist */,
			);
			path = Hotei;
			sourceTree = "<group>";
		};
		D8EDBF9F1E65EA1000CE05F9 /* HoteiW */ = {
			isa = PBXGroup;
			children = (
				D8EDBFA01E65EA1000CE05F9 /* Interface.storyboard */,
				D8EDBFA31E65EA1000CE05F9 /* Assets.xcassets */,
				D8EDBFA51E65EA1000CE05F9 /* Info.plist */,
			);
			path = HoteiW;
			sourceTree = "<group>";
		};
		D8EDBFAE1E65EA1100CE05F9 /* HoteiW Extension */ = {
			isa = PBXGroup;
			children = (
				6F40F9D41E72C8EF00FB14C6 /* HoteiW Extension.entitlements */,
				D8EDBFB11E65EA1100CE05F9 /* InterfaceController.swift */,
				D8EDBFB31E65EA1100CE05F9 /* ExtensionDelegate.swift */,
				D8EDBFB51E65EA1100CE05F9 /* NotificationController.swift */,
				D8EDBFB71E65EA1100CE05F9 /* ComplicationController.swift */,
				D8EDBFB91E65EA1100CE05F9 /* Assets.xcassets */,
				D8EDBFBB1E65EA1100CE05F9 /* Info.plist */,
				D8EDBFAF1E65EA1100CE05F9 /* Supporting Files */,
			);
			path = "HoteiW Extension";
			sourceTree = "<group>";
		};
		D8EDBFAF1E65EA1100CE05F9 /* Supporting Files */ = {
			isa = PBXGroup;
			children = (
				D8EDBFB01E65EA1100CE05F9 /* PushNotificationPayload.apns */,
			);
			name = "Supporting Files";
			sourceTree = "<group>";
		};
		D8FEB89C1E67174000E19F8E /* CoreData */ = {
			isa = PBXGroup;
			children = (
				6FEBD2821E74862000C9D5DA /* History+CoreDataProperties.swift */,
				6FEBD2831E74862000C9D5DA /* Activities+CoreDataProperties.swift */,
				D8FEB8941E67173600E19F8E /* Activities+CoreDataClass.swift */,
				D8FEB8961E67173600E19F8E /* History+CoreDataClass.swift */,
				D8E00E351E658CF8003D2E4C /* hotei.xcdatamodeld */,
			);
			name = CoreData;
			sourceTree = "<group>";
		};
/* End PBXGroup section */

/* Begin PBXNativeTarget section */
		D8A4752F1E421F54006CAFEA /* Hotei */ = {
			isa = PBXNativeTarget;
			buildConfigurationList = D8A475441E421F54006CAFEA /* Build configuration list for PBXNativeTarget "Hotei" */;
			buildPhases = (
				D8A4752C1E421F54006CAFEA /* Sources */,
				D8A4752D1E421F54006CAFEA /* Frameworks */,
				D8A4752E1E421F54006CAFEA /* Resources */,
				D8EDBFC61E65EA1100CE05F9 /* Embed Watch Content */,
			);
			buildRules = (
			);
			dependencies = (
				D8EDBFBD1E65EA1100CE05F9 /* PBXTargetDependency */,
			);
			name = Hotei;
			productName = Hotei;
			productReference = D8A475301E421F54006CAFEA /* Hotei.app */;
			productType = "com.apple.product-type.application";
		};
		D8EDBF9D1E65EA1000CE05F9 /* HoteiW */ = {
			isa = PBXNativeTarget;
			buildConfigurationList = D8EDBFC51E65EA1100CE05F9 /* Build configuration list for PBXNativeTarget "HoteiW" */;
			buildPhases = (
				D8EDBF9C1E65EA1000CE05F9 /* Resources */,
				D8EDBFC41E65EA1100CE05F9 /* Embed App Extensions */,
			);
			buildRules = (
			);
			dependencies = (
				D8EDBFAD1E65EA1100CE05F9 /* PBXTargetDependency */,
			);
			name = HoteiW;
			productName = HoteiW;
			productReference = D8EDBF9E1E65EA1000CE05F9 /* HoteiW.app */;
			productType = "com.apple.product-type.application.watchapp2";
		};
		D8EDBFA91E65EA1100CE05F9 /* HoteiW Extension */ = {
			isa = PBXNativeTarget;
			buildConfigurationList = D8EDBFC31E65EA1100CE05F9 /* Build configuration list for PBXNativeTarget "HoteiW Extension" */;
			buildPhases = (
				D8EDBFA61E65EA1100CE05F9 /* Sources */,
				D8EDBFA71E65EA1100CE05F9 /* Frameworks */,
				D8EDBFA81E65EA1100CE05F9 /* Resources */,
			);
			buildRules = (
			);
			dependencies = (
			);
			name = "HoteiW Extension";
			productName = "HoteiW Extension";
			productReference = D8EDBFAA1E65EA1100CE05F9 /* HoteiW Extension.appex */;
			productType = "com.apple.product-type.watchkit2-extension";
		};
/* End PBXNativeTarget section */

/* Begin PBXProject section */
		D8A475281E421F54006CAFEA /* Project object */ = {
			isa = PBXProject;
			attributes = {
				LastSwiftUpdateCheck = 0820;
				LastUpgradeCheck = 0820;
				ORGANIZATIONNAME = AppBee;
				TargetAttributes = {
					D8A4752F1E421F54006CAFEA = {
						CreatedOnToolsVersion = 8.2.1;
						DevelopmentTeam = WH8NU3AA25;
						ProvisioningStyle = Automatic;
						SystemCapabilities = {
							com.apple.HealthKit = {
								enabled = 0;
							};
						};
					};
					D8EDBF9D1E65EA1000CE05F9 = {
						CreatedOnToolsVersion = 8.2.1;
						DevelopmentTeam = WH8NU3AA25;
						ProvisioningStyle = Automatic;
					};
					D8EDBFA91E65EA1100CE05F9 = {
						CreatedOnToolsVersion = 8.2.1;
						DevelopmentTeam = WH8NU3AA25;
						ProvisioningStyle = Automatic;
						SystemCapabilities = {
							com.apple.HealthKit.watchos = {
								enabled = 1;
							};
						};
					};
				};
			};
			buildConfigurationList = D8A4752B1E421F54006CAFEA /* Build configuration list for PBXProject "Hotei" */;
			compatibilityVersion = "Xcode 3.2";
			developmentRegion = English;
			hasScannedForEncodings = 0;
			knownRegions = (
				en,
				Base,
			);
			mainGroup = D8A475271E421F54006CAFEA;
			productRefGroup = D8A475311E421F54006CAFEA /* Products */;
			projectDirPath = "";
			projectRoot = "";
			targets = (
				D8A4752F1E421F54006CAFEA /* Hotei */,
				D8EDBF9D1E65EA1000CE05F9 /* HoteiW */,
				D8EDBFA91E65EA1100CE05F9 /* HoteiW Extension */,
			);
		};
/* End PBXProject section */

/* Begin PBXResourcesBuildPhase section */
		D8A4752E1E421F54006CAFEA /* Resources */ = {
			isa = PBXResourcesBuildPhase;
			buildActionMask = 2147483647;
			files = (
				D8A475401E421F54006CAFEA /* LaunchScreen.storyboard in Resources */,
				D8A4753D1E421F54006CAFEA /* Assets.xcassets in Resources */,
				D8A4753B1E421F54006CAFEA /* Main.storyboard in Resources */,
			);
			runOnlyForDeploymentPostprocessing = 0;
		};
		D8EDBF9C1E65EA1000CE05F9 /* Resources */ = {
			isa = PBXResourcesBuildPhase;
			buildActionMask = 2147483647;
			files = (
				D8EDBFA41E65EA1000CE05F9 /* Assets.xcassets in Resources */,
				D8EDBFA21E65EA1000CE05F9 /* Interface.storyboard in Resources */,
			);
			runOnlyForDeploymentPostprocessing = 0;
		};
		D8EDBFA81E65EA1100CE05F9 /* Resources */ = {
			isa = PBXResourcesBuildPhase;
			buildActionMask = 2147483647;
			files = (
				D8EDBFBA1E65EA1100CE05F9 /* Assets.xcassets in Resources */,
			);
			runOnlyForDeploymentPostprocessing = 0;
		};
/* End PBXResourcesBuildPhase section */

/* Begin PBXSourcesBuildPhase section */
		D8A4752C1E421F54006CAFEA /* Sources */ = {
			isa = PBXSourcesBuildPhase;
			buildActionMask = 2147483647;
			files = (
				D8A475381E421F54006CAFEA /* SecondViewController.swift in Sources */,
				D8A475341E421F54006CAFEA /* AppDelegate.swift in Sources */,
				D8FEB8981E67173600E19F8E /* Activities+CoreDataClass.swift in Sources */,
				D82A31841E6EFDC1006FE6F6 /* HeartMonitorViewController.swift in Sources */,
				D8FEB89A1E67173600E19F8E /* History+CoreDataClass.swift in Sources */,
				D82A31821E6ED333006FE6F6 /* ProfileViewController.swift in Sources */,
				6FEBD2711E740D0D00C9D5DA /* WatchSessionManager.swift in Sources */,
				D8E00E371E658CF8003D2E4C /* hotei.xcdatamodeld in Sources */,
				6FEBD2841E74862000C9D5DA /* History+CoreDataProperties.swift in Sources */,
				D824E3671E646E8100727B05 /* CustomCell.swift in Sources */,
				6FEBD2851E74862000C9D5DA /* Activities+CoreDataProperties.swift in Sources */,
				D8B715021E6E024B00FD93B2 /* LoginViewController.swift in Sources */,
				D8A475361E421F54006CAFEA /* FirstViewController.swift in Sources */,
			);
			runOnlyForDeploymentPostprocessing = 0;
		};
		D8EDBFA61E65EA1100CE05F9 /* Sources */ = {
			isa = PBXSourcesBuildPhase;
			buildActionMask = 2147483647;
			files = (
				D8EDBFB61E65EA1100CE05F9 /* NotificationController.swift in Sources */,
				D8EDBFB81E65EA1100CE05F9 /* ComplicationController.swift in Sources */,
				D8EDBFB41E65EA1100CE05F9 /* ExtensionDelegate.swift in Sources */,
				D8EDBFB21E65EA1100CE05F9 /* InterfaceController.swift in Sources */,
			);
			runOnlyForDeploymentPostprocessing = 0;
		};
/* End PBXSourcesBuildPhase section */

/* Begin PBXTargetDependency section */
		D8EDBFAD1E65EA1100CE05F9 /* PBXTargetDependency */ = {
			isa = PBXTargetDependency;
			target = D8EDBFA91E65EA1100CE05F9 /* HoteiW Extension */;
			targetProxy = D8EDBFAC1E65EA1100CE05F9 /* PBXContainerItemProxy */;
		};
		D8EDBFBD1E65EA1100CE05F9 /* PBXTargetDependency */ = {
			isa = PBXTargetDependency;
			target = D8EDBF9D1E65EA1000CE05F9 /* HoteiW */;
			targetProxy = D8EDBFBC1E65EA1100CE05F9 /* PBXContainerItemProxy */;
		};
/* End PBXTargetDependency section */

/* Begin PBXVariantGroup section */
		D8A475391E421F54006CAFEA /* Main.storyboard */ = {
			isa = PBXVariantGroup;
			children = (
				D8A4753A1E421F54006CAFEA /* Base */,
			);
			name = Main.storyboard;
			sourceTree = "<group>";
		};
		D8A4753E1E421F54006CAFEA /* LaunchScreen.storyboard */ = {
			isa = PBXVariantGroup;
			children = (
				D8A4753F1E421F54006CAFEA /* Base */,
			);
			name = LaunchScreen.storyboard;
			sourceTree = "<group>";
		};
		D8EDBFA01E65EA1000CE05F9 /* Interface.storyboard */ = {
			isa = PBXVariantGroup;
			children = (
				D8EDBFA11E65EA1000CE05F9 /* Base */,
			);
			name = Interface.storyboard;
			sourceTree = "<group>";
		};
/* End PBXVariantGroup section */

/* Begin XCBuildConfiguration section */
		D8A475421E421F54006CAFEA /* Debug */ = {
			isa = XCBuildConfiguration;
			buildSettings = {
				ALWAYS_SEARCH_USER_PATHS = NO;
				CLANG_ANALYZER_NONNULL = YES;
				CLANG_CXX_LANGUAGE_STANDARD = "gnu++0x";
				CLANG_CXX_LIBRARY = "libc++";
				CLANG_ENABLE_MODULES = YES;
				CLANG_ENABLE_OBJC_ARC = YES;
				CLANG_WARN_BOOL_CONVERSION = YES;
				CLANG_WARN_CONSTANT_CONVERSION = YES;
				CLANG_WARN_DIRECT_OBJC_ISA_USAGE = YES_ERROR;
				CLANG_WARN_DOCUMENTATION_COMMENTS = YES;
				CLANG_WARN_EMPTY_BODY = YES;
				CLANG_WARN_ENUM_CONVERSION = YES;
				CLANG_WARN_INFINITE_RECURSION = YES;
				CLANG_WARN_INT_CONVERSION = YES;
				CLANG_WARN_OBJC_ROOT_CLASS = YES_ERROR;
				CLANG_WARN_SUSPICIOUS_MOVE = YES;
				CLANG_WARN_UNREACHABLE_CODE = YES;
				CLANG_WARN__DUPLICATE_METHOD_MATCH = YES;
				"CODE_SIGN_IDENTITY[sdk=iphoneos*]" = "iPhone Developer";
				COPY_PHASE_STRIP = NO;
				DEBUG_INFORMATION_FORMAT = dwarf;
				ENABLE_STRICT_OBJC_MSGSEND = YES;
				ENABLE_TESTABILITY = YES;
				GCC_C_LANGUAGE_STANDARD = gnu99;
				GCC_DYNAMIC_NO_PIC = NO;
				GCC_NO_COMMON_BLOCKS = YES;
				GCC_OPTIMIZATION_LEVEL = 0;
				GCC_PREPROCESSOR_DEFINITIONS = (
					"DEBUG=1",
					"$(inherited)",
				);
				GCC_WARN_64_TO_32_BIT_CONVERSION = YES;
				GCC_WARN_ABOUT_RETURN_TYPE = YES_ERROR;
				GCC_WARN_UNDECLARED_SELECTOR = YES;
				GCC_WARN_UNINITIALIZED_AUTOS = YES_AGGRESSIVE;
				GCC_WARN_UNUSED_FUNCTION = YES;
				GCC_WARN_UNUSED_VARIABLE = YES;
				IPHONEOS_DEPLOYMENT_TARGET = 10.2;
				MTL_ENABLE_DEBUG_INFO = YES;
				ONLY_ACTIVE_ARCH = YES;
				SDKROOT = iphoneos;
				SWIFT_ACTIVE_COMPILATION_CONDITIONS = DEBUG;
				SWIFT_OPTIMIZATION_LEVEL = "-Onone";
				TARGETED_DEVICE_FAMILY = "1,2";
			};
			name = Debug;
		};
		D8A475431E421F54006CAFEA /* Release */ = {
			isa = XCBuildConfiguration;
			buildSettings = {
				ALWAYS_SEARCH_USER_PATHS = NO;
				CLANG_ANALYZER_NONNULL = YES;
				CLANG_CXX_LANGUAGE_STANDARD = "gnu++0x";
				CLANG_CXX_LIBRARY = "libc++";
				CLANG_ENABLE_MODULES = YES;
				CLANG_ENABLE_OBJC_ARC = YES;
				CLANG_WARN_BOOL_CONVERSION = YES;
				CLANG_WARN_CONSTANT_CONVERSION = YES;
				CLANG_WARN_DIRECT_OBJC_ISA_USAGE = YES_ERROR;
				CLANG_WARN_DOCUMENTATION_COMMENTS = YES;
				CLANG_WARN_EMPTY_BODY = YES;
				CLANG_WARN_ENUM_CONVERSION = YES;
				CLANG_WARN_INFINITE_RECURSION = YES;
				CLANG_WARN_INT_CONVERSION = YES;
				CLANG_WARN_OBJC_ROOT_CLASS = YES_ERROR;
				CLANG_WARN_SUSPICIOUS_MOVE = YES;
				CLANG_WARN_UNREACHABLE_CODE = YES;
				CLANG_WARN__DUPLICATE_METHOD_MATCH = YES;
				"CODE_SIGN_IDENTITY[sdk=iphoneos*]" = "iPhone Developer";
				COPY_PHASE_STRIP = NO;
				DEBUG_INFORMATION_FORMAT = "dwarf-with-dsym";
				ENABLE_NS_ASSERTIONS = NO;
				ENABLE_STRICT_OBJC_MSGSEND = YES;
				GCC_C_LANGUAGE_STANDARD = gnu99;
				GCC_NO_COMMON_BLOCKS = YES;
				GCC_WARN_64_TO_32_BIT_CONVERSION = YES;
				GCC_WARN_ABOUT_RETURN_TYPE = YES_ERROR;
				GCC_WARN_UNDECLARED_SELECTOR = YES;
				GCC_WARN_UNINITIALIZED_AUTOS = YES_AGGRESSIVE;
				GCC_WARN_UNUSED_FUNCTION = YES;
				GCC_WARN_UNUSED_VARIABLE = YES;
				IPHONEOS_DEPLOYMENT_TARGET = 10.2;
				MTL_ENABLE_DEBUG_INFO = NO;
				SDKROOT = iphoneos;
				SWIFT_OPTIMIZATION_LEVEL = "-Owholemodule";
				TARGETED_DEVICE_FAMILY = "1,2";
				VALIDATE_PRODUCT = YES;
			};
			name = Release;
		};
		D8A475451E421F54006CAFEA /* Debug */ = {
			isa = XCBuildConfiguration;
			buildSettings = {
				ASSETCATALOG_COMPILER_APPICON_NAME = AppIcon;
				"CODE_SIGN_IDENTITY[sdk=iphoneos*]" = "iPhone Developer";
				DEVELOPMENT_TEAM = WH8NU3AA25;
				INFOPLIST_FILE = Hotei/Info.plist;
				LD_RUNPATH_SEARCH_PATHS = "$(inherited) @executable_path/Frameworks";
				PRODUCT_BUNDLE_IDENTIFIER = com.Gar1G.Hotei;
				PRODUCT_NAME = "$(TARGET_NAME)";
				PROVISIONING_PROFILE = "";
				PROVISIONING_PROFILE_SPECIFIER = "";
				SWIFT_VERSION = 3.0;
			};
			name = Debug;
		};
		D8A475461E421F54006CAFEA /* Release */ = {
			isa = XCBuildConfiguration;
			buildSettings = {
				ASSETCATALOG_COMPILER_APPICON_NAME = AppIcon;
				"CODE_SIGN_IDENTITY[sdk=iphoneos*]" = "iPhone Developer";
				DEVELOPMENT_TEAM = WH8NU3AA25;
				INFOPLIST_FILE = Hotei/Info.plist;
				LD_RUNPATH_SEARCH_PATHS = "$(inherited) @executable_path/Frameworks";
				PRODUCT_BUNDLE_IDENTIFIER = com.Gar1G.Hotei;
				PRODUCT_NAME = "$(TARGET_NAME)";
				SWIFT_VERSION = 3.0;
			};
			name = Release;
		};
		D8EDBFBF1E65EA1100CE05F9 /* Debug */ = {
			isa = XCBuildConfiguration;
			buildSettings = {
				ALWAYS_EMBED_SWIFT_STANDARD_LIBRARIES = YES;
				ASSETCATALOG_COMPILER_APPICON_NAME = AppIcon;
				DEVELOPMENT_TEAM = WH8NU3AA25;
				IBSC_MODULE = HoteiW_Extension;
				INFOPLIST_FILE = HoteiW/Info.plist;
				PRODUCT_BUNDLE_IDENTIFIER = com.Gar1G.Hotei.watchkitapp;
				PRODUCT_NAME = "$(TARGET_NAME)";
				SDKROOT = watchos;
				SKIP_INSTALL = YES;
				SWIFT_VERSION = 3.0;
				TARGETED_DEVICE_FAMILY = 4;
				WATCHOS_DEPLOYMENT_TARGET = 3.1;
			};
			name = Debug;
		};
		D8EDBFC01E65EA1100CE05F9 /* Release */ = {
			isa = XCBuildConfiguration;
			buildSettings = {
				ALWAYS_EMBED_SWIFT_STANDARD_LIBRARIES = YES;
				ASSETCATALOG_COMPILER_APPICON_NAME = AppIcon;
				DEVELOPMENT_TEAM = WH8NU3AA25;
				IBSC_MODULE = HoteiW_Extension;
				INFOPLIST_FILE = HoteiW/Info.plist;
				PRODUCT_BUNDLE_IDENTIFIER = com.Gar1G.Hotei.watchkitapp;
				PRODUCT_NAME = "$(TARGET_NAME)";
				SDKROOT = watchos;
				SKIP_INSTALL = YES;
				SWIFT_VERSION = 3.0;
				TARGETED_DEVICE_FAMILY = 4;
				WATCHOS_DEPLOYMENT_TARGET = 3.1;
			};
			name = Release;
		};
		D8EDBFC11E65EA1100CE05F9 /* Debug */ = {
			isa = XCBuildConfiguration;
			buildSettings = {
				ASSETCATALOG_COMPILER_COMPLICATION_NAME = Complication;
				CODE_SIGN_ENTITLEMENTS = "HoteiW Extension/HoteiW Extension.entitlements";
				"CODE_SIGN_IDENTITY[sdk=watchos*]" = "iPhone Developer";
				DEVELOPMENT_TEAM = WH8NU3AA25;
				INFOPLIST_FILE = "HoteiW Extension/Info.plist";
				LD_RUNPATH_SEARCH_PATHS = "$(inherited) @executable_path/Frameworks @executable_path/../../Frameworks";
				PRODUCT_BUNDLE_IDENTIFIER = com.Gar1G.Hotei.watchkitapp.watchkitextension;
				PRODUCT_NAME = "${TARGET_NAME}";
				PROVISIONING_PROFILE = "";
				PROVISIONING_PROFILE_SPECIFIER = "";
				SDKROOT = watchos;
				SKIP_INSTALL = YES;
				SWIFT_VERSION = 3.0;
				TARGETED_DEVICE_FAMILY = 4;
				WATCHOS_DEPLOYMENT_TARGET = 3.1;
			};
			name = Debug;
		};
		D8EDBFC21E65EA1100CE05F9 /* Release */ = {
			isa = XCBuildConfiguration;
			buildSettings = {
				ASSETCATALOG_COMPILER_COMPLICATION_NAME = Complication;
				CODE_SIGN_ENTITLEMENTS = "HoteiW Extension/HoteiW Extension.entitlements";
				"CODE_SIGN_IDENTITY[sdk=watchos*]" = "iPhone Developer";
				DEVELOPMENT_TEAM = WH8NU3AA25;
				INFOPLIST_FILE = "HoteiW Extension/Info.plist";
				LD_RUNPATH_SEARCH_PATHS = "$(inherited) @executable_path/Frameworks @executable_path/../../Frameworks";
				PRODUCT_BUNDLE_IDENTIFIER = com.Gar1G.Hotei.watchkitapp.watchkitextension;
				PRODUCT_NAME = "${TARGET_NAME}";
				SDKROOT = watchos;
				SKIP_INSTALL = YES;
				SWIFT_VERSION = 3.0;
				TARGETED_DEVICE_FAMILY = 4;
				WATCHOS_DEPLOYMENT_TARGET = 3.1;
			};
			name = Release;
		};
/* End XCBuildConfiguration section */

/* Begin XCConfigurationList section */
		D8A4752B1E421F54006CAFEA /* Build configuration list for PBXProject "Hotei" */ = {
			isa = XCConfigurationList;
			buildConfigurations = (
				D8A475421E421F54006CAFEA /* Debug */,
				D8A475431E421F54006CAFEA /* Release */,
			);
			defaultConfigurationIsVisible = 0;
			defaultConfigurationName = Release;
		};
		D8A475441E421F54006CAFEA /* Build configuration list for PBXNativeTarget "Hotei" */ = {
			isa = XCConfigurationList;
			buildConfigurations = (
				D8A475451E421F54006CAFEA /* Debug */,
				D8A475461E421F54006CAFEA /* Release */,
			);
			defaultConfigurationIsVisible = 0;
			defaultConfigurationName = Release;
		};
		D8EDBFC31E65EA1100CE05F9 /* Build configuration list for PBXNativeTarget "HoteiW Extension" */ = {
			isa = XCConfigurationList;
			buildConfigurations = (
				D8EDBFC11E65EA1100CE05F9 /* Debug */,
				D8EDBFC21E65EA1100CE05F9 /* Release */,
			);
			defaultConfigurationIsVisible = 0;
			defaultConfigurationName = Release;
		};
		D8EDBFC51E65EA1100CE05F9 /* Build configuration list for PBXNativeTarget "HoteiW" */ = {
			isa = XCConfigurationList;
			buildConfigurations = (
				D8EDBFBF1E65EA1100CE05F9 /* Debug */,
				D8EDBFC01E65EA1100CE05F9 /* Release */,
			);
			defaultConfigurationIsVisible = 0;
			defaultConfigurationName = Release;
		};
/* End XCConfigurationList section */

/* Begin XCVersionGroup section */
		D8E00E351E658CF8003D2E4C /* hotei.xcdatamodeld */ = {
			isa = XCVersionGroup;
			children = (
				D8E00E361E658CF8003D2E4C /* hotei.xcdatamodel */,
			);
			currentVersion = D8E00E361E658CF8003D2E4C /* hotei.xcdatamodel */;
			path = hotei.xcdatamodeld;
			sourceTree = "<group>";
			versionGroupType = wrapper.xcdatamodel;
		};
/* End XCVersionGroup section */
	};
	rootObject = D8A475281E421F54006CAFEA /* Project object */;
}
